# THIS IS AN AUTOGENERATED FILE. DO NOT EDIT THIS FILE DIRECTLY.
# yarn lockfile v1


lory.js@^2.5.2:
  version "2.5.2"
  resolved "https://registry.yarnpkg.com/lory.js/-/lory.js-2.5.2.tgz#c633a9951ad58aff41cc5b6729d7d07eebae8a14"
  integrity sha512-MJTj0aRfgbKH8mWGD+ZLSMOKdrzigyW0hDAG0+GdmNiCAWrdB3NgGBzNCClm0xCQfpcOssLypQr0Yu4EshRubg==
